
Microsoft Visual Studio Solution File, Format Version 12.00
# Visual Studio Version 17
VisualStudioVersion = 17.13.35931.197
MinimumVisualStudioVersion = 10.0.40219.1
Project("{FAE04EC0-301F-11D3-BF4B-00C04F79EFBC}") = "AssetTracker.WpfApp", "AssetTracker.WpfApp\AssetTracker.WpfApp.csproj", "{CD8460B4-64E0-4B1C-AF96-916E8D3B19A4}"
EndProject
Project("{FAE04EC0-301F-11D3-BF4B-00C04F79EFBC}") = "AssetTracker.UnitTests", "AssetTracker.UnitTests\AssetTracker.UnitTests.csproj", "{4E46E302-80AD-4387-9B18-24B441CA26CC}"
EndProject
Project("{2150E333-8FDC-42A3-9474-1A3956D46DE8}") = "App", "App", "{02EA681E-C7D8-13C7-8484-4AC65E1B71E8}"
EndProject
Project("{2150E333-8FDC-42A3-9474-1A3956D46DE8}") = "Tests", "Tests", "{85F4E7BE-790B-413B-9F8B-89639D75D6B8}"
EndProject
Global
	GlobalSection(SolutionConfigurationPlatforms) = preSolution
		Debug|Any CPU = Debug|Any CPU
		Release|Any CPU = Release|Any CPU
	EndGlobalSection
	GlobalSection(ProjectConfigurationPlatforms) = postSolution
		{CD8460B4-64E0-4B1C-AF96-916E8D3B19A4}.Debug|Any CPU.ActiveCfg = Debug|Any CPU
		{CD8460B4-64E0-4B1C-AF96-916E8D3B19A4}.Debug|Any CPU.Build.0 = Debug|Any CPU
		{CD8460B4-64E0-4B1C-AF96-916E8D3B19A4}.Release|Any CPU.ActiveCfg = Release|Any CPU
		{CD8460B4-64E0-4B1C-AF96-916E8D3B19A4}.Release|Any CPU.Build.0 = Release|Any CPU
		{4E46E302-80AD-4387-9B18-24B441CA26CC}.Debug|Any CPU.ActiveCfg = Debug|Any CPU
		{4E46E302-80AD-4387-9B18-24B441CA26CC}.Debug|Any CPU.Build.0 = Debug|Any CPU
		{4E46E302-80AD-4387-9B18-24B441CA26CC}.Release|Any CPU.ActiveCfg = Release|Any CPU
		{4E46E302-80AD-4387-9B18-24B441CA26CC}.Release|Any CPU.Build.0 = Release|Any CPU
	EndGlobalSection
	GlobalSection(SolutionProperties) = preSolution
		HideSolutionNode = FALSE
	EndGlobalSection
	GlobalSection(NestedProjects) = preSolution
		{CD8460B4-64E0-4B1C-AF96-916E8D3B19A4} = {02EA681E-C7D8-13C7-8484-4AC65E1B71E8}
		{4E46E302-80AD-4387-9B18-24B441CA26CC} = {85F4E7BE-790B-413B-9F8B-89639D75D6B8}
	EndGlobalSection
	GlobalSection(ExtensibilityGlobals) = postSolution
		SolutionGuid = {080F2C35-83C8-43AD-95D2-42EC3AC62627}
	EndGlobalSection
EndGlobal
